// !$*UTF8*$!
{
	archiveVersion = 1;
	classes = {
	};
	objectVersion = 48;
	objects = {

/* Begin PBXBuildFile section */
		1418EDC11FBE8DA1007283D1 /* FuntionsListView.swift in Sources */ = {isa = PBXBuildFile; fileRef = 1418EDC01FBE8DA1007283D1 /* FuntionsListView.swift */; };
		1418EDC31FBE8F28007283D1 /* Navigation.swift in Sources */ = {isa = PBXBuildFile; fileRef = 1418EDC21FBE8F28007283D1 /* Navigation.swift */; };
		1418EDC51FBE91D9007283D1 /* CUONA.framework in Frameworks */ = {isa = PBXBuildFile; fileRef = 1418EDC41FBE91D9007283D1 /* CUONA.framework */; };
		1418EDC61FBE91D9007283D1 /* CUONA.framework in Embed Frameworks */ = {isa = PBXBuildFile; fileRef = 1418EDC41FBE91D9007283D1 /* CUONA.framework */; settings = {ATTRIBUTES = (CodeSignOnCopy, RemoveHeadersOnCopy, ); }; };
		1418EDC91FBE96F5007283D1 /* Define.swift in Sources */ = {isa = PBXBuildFile; fileRef = 1418EDC81FBE96F5007283D1 /* Define.swift */; };
		1418EDCB1FC125C0007283D1 /* Write.swift in Sources */ = {isa = PBXBuildFile; fileRef = 1418EDCA1FC125C0007283D1 /* Write.swift */; };
		1454EA271FBE869F00DA77E0 /* AppDelegate.swift in Sources */ = {isa = PBXBuildFile; fileRef = 1454EA261FBE869F00DA77E0 /* AppDelegate.swift */; };
		1454EA291FBE869F00DA77E0 /* Read.swift in Sources */ = {isa = PBXBuildFile; fileRef = 1454EA281FBE869F00DA77E0 /* Read.swift */; };
		1454EA2C1FBE869F00DA77E0 /* Main.storyboard in Resources */ = {isa = PBXBuildFile; fileRef = 1454EA2A1FBE869F00DA77E0 /* Main.storyboard */; };
		1454EA2E1FBE869F00DA77E0 /* Assets.xcassets in Resources */ = {isa = PBXBuildFile; fileRef = 1454EA2D1FBE869F00DA77E0 /* Assets.xcassets */; };
		1454EA311FBE869F00DA77E0 /* LaunchScreen.storyboard in Resources */ = {isa = PBXBuildFile; fileRef = 1454EA2F1FBE869F00DA77E0 /* LaunchScreen.storyboard */; };
		1454EA3C1FBE869F00DA77E0 /* CUONA_sampleTests.swift in Sources */ = {isa = PBXBuildFile; fileRef = 1454EA3B1FBE869F00DA77E0 /* CUONA_sampleTests.swift */; };
		1454EA471FBE869F00DA77E0 /* CUONA_sampleUITests.swift in Sources */ = {isa = PBXBuildFile; fileRef = 1454EA461FBE869F00DA77E0 /* CUONA_sampleUITests.swift */; };
/* End PBXBuildFile section */

/* Begin PBXContainerItemProxy section */
		1454EA381FBE869F00DA77E0 /* PBXContainerItemProxy */ = {
			isa = PBXContainerItemProxy;
			containerPortal = 1454EA1B1FBE869F00DA77E0 /* Project object */;
			proxyType = 1;
			remoteGlobalIDString = 1454EA221FBE869F00DA77E0;
			remoteInfo = "CUONA-sample";
		};
		1454EA431FBE869F00DA77E0 /* PBXContainerItemProxy */ = {
			isa = PBXContainerItemProxy;
			containerPortal = 1454EA1B1FBE869F00DA77E0 /* Project object */;
			proxyType = 1;
			remoteGlobalIDString = 1454EA221FBE869F00DA77E0;
			remoteInfo = "CUONA-sample";
		};
/* End PBXContainerItemProxy section */

/* Begin PBXCopyFilesBuildPhase section */
		1418EDC71FBE91D9007283D1 /* Embed Frameworks */ = {
			isa = PBXCopyFilesBuildPhase;
			buildActionMask = 2147483647;
			dstPath = "";
			dstSubfolderSpec = 10;
			files = (
				1418EDC61FBE91D9007283D1 /* CUONA.framework in Embed Frameworks */,
			);
			name = "Embed Frameworks";
			runOnlyForDeploymentPostprocessing = 0;
		};
/* End PBXCopyFilesBuildPhase section */

/* Begin PBXFileReference section */
		1418EDC01FBE8DA1007283D1 /* FuntionsListView.swift */ = {isa = PBXFileReference; lastKnownFileType = sourcecode.swift; path = FuntionsListView.swift; sourceTree = "<group>"; };
		1418EDC21FBE8F28007283D1 /* Navigation.swift */ = {isa = PBXFileReference; lastKnownFileType = sourcecode.swift; path = Navigation.swift; sourceTree = "<group>"; };
		1418EDC41FBE91D9007283D1 /* CUONA.framework */ = {isa = PBXFileReference; lastKnownFileType = wrapper.framework; name = CUONA.framework; path = "CUONA-sample/CUONA.framework"; sourceTree = "<group>"; };
		1418EDC81FBE96F5007283D1 /* Define.swift */ = {isa = PBXFileReference; lastKnownFileType = sourcecode.swift; path = Define.swift; sourceTree = "<group>"; };
		1418EDCA1FC125C0007283D1 /* Write.swift */ = {isa = PBXFileReference; fileEncoding = 4; lastKnownFileType = sourcecode.swift; path = Write.swift; sourceTree = "<group>"; };
		1454EA231FBE869F00DA77E0 /* CUONA-sample.app */ = {isa = PBXFileReference; explicitFileType = wrapper.application; includeInIndex = 0; path = "CUONA-sample.app"; sourceTree = BUILT_PRODUCTS_DIR; };
		1454EA261FBE869F00DA77E0 /* AppDelegate.swift */ = {isa = PBXFileReference; lastKnownFileType = sourcecode.swift; path = AppDelegate.swift; sourceTree = "<group>"; };
		1454EA281FBE869F00DA77E0 /* Read.swift */ = {isa = PBXFileReference; lastKnownFileType = sourcecode.swift; path = Read.swift; sourceTree = "<group>"; };
		1454EA2B1FBE869F00DA77E0 /* Base */ = {isa = PBXFileReference; lastKnownFileType = file.storyboard; name = Base; path = Base.lproj/Main.storyboard; sourceTree = "<group>"; };
		1454EA2D1FBE869F00DA77E0 /* Assets.xcassets */ = {isa = PBXFileReference; lastKnownFileType = folder.assetcatalog; path = Assets.xcassets; sourceTree = "<group>"; };
		1454EA301FBE869F00DA77E0 /* Base */ = {isa = PBXFileReference; lastKnownFileType = file.storyboard; name = Base; path = Base.lproj/LaunchScreen.storyboard; sourceTree = "<group>"; };
		1454EA321FBE869F00DA77E0 /* Info.plist */ = {isa = PBXFileReference; lastKnownFileType = text.plist.xml; path = Info.plist; sourceTree = "<group>"; };
		1454EA371FBE869F00DA77E0 /* CUONA-sampleTests.xctest */ = {isa = PBXFileReference; explicitFileType = wrapper.cfbundle; includeInIndex = 0; path = "CUONA-sampleTests.xctest"; sourceTree = BUILT_PRODUCTS_DIR; };
		1454EA3B1FBE869F00DA77E0 /* CUONA_sampleTests.swift */ = {isa = PBXFileReference; lastKnownFileType = sourcecode.swift; path = CUONA_sampleTests.swift; sourceTree = "<group>"; };
		1454EA3D1FBE869F00DA77E0 /* Info.plist */ = {isa = PBXFileReference; lastKnownFileType = text.plist.xml; path = Info.plist; sourceTree = "<group>"; };
		1454EA421FBE869F00DA77E0 /* CUONA-sampleUITests.xctest */ = {isa = PBXFileReference; explicitFileType = wrapper.cfbundle; includeInIndex = 0; path = "CUONA-sampleUITests.xctest"; sourceTree = BUILT_PRODUCTS_DIR; };
		1454EA461FBE869F00DA77E0 /* CUONA_sampleUITests.swift */ = {isa = PBXFileReference; lastKnownFileType = sourcecode.swift; path = CUONA_sampleUITests.swift; sourceTree = "<group>"; };
		1454EA481FBE869F00DA77E0 /* Info.plist */ = {isa = PBXFileReference; lastKnownFileType = text.plist.xml; path = Info.plist; sourceTree = "<group>"; };
/* End PBXFileReference section */

/* Begin PBXFrameworksBuildPhase section */
		1454EA201FBE869F00DA77E0 /* Frameworks */ = {
			isa = PBXFrameworksBuildPhase;
			buildActionMask = 2147483647;
			files = (
				1418EDC51FBE91D9007283D1 /* CUONA.framework in Frameworks */,
			);
			runOnlyForDeploymentPostprocessing = 0;
		};
		1454EA341FBE869F00DA77E0 /* Frameworks */ = {
			isa = PBXFrameworksBuildPhase;
			buildActionMask = 2147483647;
			files = (
			);
			runOnlyForDeploymentPostprocessing = 0;
		};
		1454EA3F1FBE869F00DA77E0 /* Frameworks */ = {
			isa = PBXFrameworksBuildPhase;
			buildActionMask = 2147483647;
			files = (
			);
			runOnlyForDeploymentPostprocessing = 0;
		};
/* End PBXFrameworksBuildPhase section */

/* Begin PBXGroup section */
		1454EA1A1FBE869F00DA77E0 = {
			isa = PBXGroup;
			children = (
				1418EDC41FBE91D9007283D1 /* CUONA.framework */,
				1454EA251FBE869F00DA77E0 /* CUONA-sample */,
				1454EA3A1FBE869F00DA77E0 /* CUONA-sampleTests */,
				1454EA451FBE869F00DA77E0 /* CUONA-sampleUITests */,
				1454EA241FBE869F00DA77E0 /* Products */,
			);
			sourceTree = "<group>";
		};
		1454EA241FBE869F00DA77E0 /* Products */ = {
			isa = PBXGroup;
			children = (
				1454EA231FBE869F00DA77E0 /* CUONA-sample.app */,
				1454EA371FBE869F00DA77E0 /* CUONA-sampleTests.xctest */,
				1454EA421FBE869F00DA77E0 /* CUONA-sampleUITests.xctest */,
			);
			name = Products;
			sourceTree = "<group>";
		};
		1454EA251FBE869F00DA77E0 /* CUONA-sample */ = {
			isa = PBXGroup;
			children = (
				1454EA261FBE869F00DA77E0 /* AppDelegate.swift */,
				1418EDC01FBE8DA1007283D1 /* FuntionsListView.swift */,
				1418EDC81FBE96F5007283D1 /* Define.swift */,
				1418EDC21FBE8F28007283D1 /* Navigation.swift */,
				1454EA281FBE869F00DA77E0 /* Read.swift */,
				1418EDCA1FC125C0007283D1 /* Write.swift */,
				1454EA2D1FBE869F00DA77E0 /* Assets.xcassets */,
				1454EA2A1FBE869F00DA77E0 /* Main.storyboard */,
				1454EA2F1FBE869F00DA77E0 /* LaunchScreen.storyboard */,
				1454EA321FBE869F00DA77E0 /* Info.plist */,
			);
			path = "CUONA-sample";
			sourceTree = "<group>";
		};
		1454EA3A1FBE869F00DA77E0 /* CUONA-sampleTests */ = {
			isa = PBXGroup;
			children = (
				1454EA3B1FBE869F00DA77E0 /* CUONA_sampleTests.swift */,
				1454EA3D1FBE869F00DA77E0 /* Info.plist */,
			);
			path = "CUONA-sampleTests";
			sourceTree = "<group>";
		};
		1454EA451FBE869F00DA77E0 /* CUONA-sampleUITests */ = {
			isa = PBXGroup;
			children = (
				1454EA461FBE869F00DA77E0 /* CUONA_sampleUITests.swift */,
				1454EA481FBE869F00DA77E0 /* Info.plist */,
			);
			path = "CUONA-sampleUITests";
			sourceTree = "<group>";
		};
/* End PBXGroup section */

/* Begin PBXNativeTarget section */
		1454EA221FBE869F00DA77E0 /* CUONA-sample */ = {
			isa = PBXNativeTarget;
			buildConfigurationList = 1454EA4B1FBE869F00DA77E0 /* Build configuration list for PBXNativeTarget "CUONA-sample" */;
			buildPhases = (
				1454EA1F1FBE869F00DA77E0 /* Sources */,
				1454EA201FBE869F00DA77E0 /* Frameworks */,
				1454EA211FBE869F00DA77E0 /* Resources */,
				1418EDC71FBE91D9007283D1 /* Embed Frameworks */,
			);
			buildRules = (
			);
			dependencies = (
			);
			name = "CUONA-sample";
			productName = "CUONA-sample";
			productReference = 1454EA231FBE869F00DA77E0 /* CUONA-sample.app */;
			productType = "com.apple.product-type.application";
		};
		1454EA361FBE869F00DA77E0 /* CUONA-sampleTests */ = {
			isa = PBXNativeTarget;
			buildConfigurationList = 1454EA4E1FBE869F00DA77E0 /* Build configuration list for PBXNativeTarget "CUONA-sampleTests" */;
			buildPhases = (
				1454EA331FBE869F00DA77E0 /* Sources */,
				1454EA341FBE869F00DA77E0 /* Frameworks */,
				1454EA351FBE869F00DA77E0 /* Resources */,
			);
			buildRules = (
			);
			dependencies = (
				1454EA391FBE869F00DA77E0 /* PBXTargetDependency */,
			);
			name = "CUONA-sampleTests";
			productName = "CUONA-sampleTests";
			productReference = 1454EA371FBE869F00DA77E0 /* CUONA-sampleTests.xctest */;
			productType = "com.apple.product-type.bundle.unit-test";
		};
		1454EA411FBE869F00DA77E0 /* CUONA-sampleUITests */ = {
			isa = PBXNativeTarget;
			buildConfigurationList = 1454EA511FBE869F00DA77E0 /* Build configuration list for PBXNativeTarget "CUONA-sampleUITests" */;
			buildPhases = (
				1454EA3E1FBE869F00DA77E0 /* Sources */,
				1454EA3F1FBE869F00DA77E0 /* Frameworks */,
				1454EA401FBE869F00DA77E0 /* Resources */,
			);
			buildRules = (
			);
			dependencies = (
				1454EA441FBE869F00DA77E0 /* PBXTargetDependency */,
			);
			name = "CUONA-sampleUITests";
			productName = "CUONA-sampleUITests";
			productReference = 1454EA421FBE869F00DA77E0 /* CUONA-sampleUITests.xctest */;
			productType = "com.apple.product-type.bundle.ui-testing";
		};
/* End PBXNativeTarget section */

/* Begin PBXProject section */
		1454EA1B1FBE869F00DA77E0 /* Project object */ = {
			isa = PBXProject;
			attributes = {
				LastSwiftUpdateCheck = 0910;
				LastUpgradeCheck = 0910;
				ORGANIZATIONNAME = "conol, Inc";
				TargetAttributes = {
					1454EA221FBE869F00DA77E0 = {
						CreatedOnToolsVersion = 9.1;
						ProvisioningStyle = Automatic;
					};
					1454EA361FBE869F00DA77E0 = {
						CreatedOnToolsVersion = 9.1;
						ProvisioningStyle = Automatic;
						TestTargetID = 1454EA221FBE869F00DA77E0;
					};
					1454EA411FBE869F00DA77E0 = {
						CreatedOnToolsVersion = 9.1;
						ProvisioningStyle = Automatic;
						TestTargetID = 1454EA221FBE869F00DA77E0;
					};
				};
			};
			buildConfigurationList = 1454EA1E1FBE869F00DA77E0 /* Build configuration list for PBXProject "CUONA-sample" */;
			compatibilityVersion = "Xcode 8.0";
			developmentRegion = en;
			hasScannedForEncodings = 0;
			knownRegions = (
				en,
				Base,
			);
			mainGroup = 1454EA1A1FBE869F00DA77E0;
			productRefGroup = 1454EA241FBE869F00DA77E0 /* Products */;
			projectDirPath = "";
			projectRoot = "";
			targets = (
				1454EA221FBE869F00DA77E0 /* CUONA-sample */,
				1454EA361FBE869F00DA77E0 /* CUONA-sampleTests */,
				1454EA411FBE869F00DA77E0 /* CUONA-sampleUITests */,
			);
		};
/* End PBXProject section */

/* Begin PBXResourcesBuildPhase section */
		1454EA211FBE869F00DA77E0 /* Resources */ = {
			isa = PBXResourcesBuildPhase;
			buildActionMask = 2147483647;
			files = (
				1454EA311FBE869F00DA77E0 /* LaunchScreen.storyboard in Resources */,
				1454EA2E1FBE869F00DA77E0 /* Assets.xcassets in Resources */,
				1454EA2C1FBE869F00DA77E0 /* Main.storyboard in Resources */,
			);
			runOnlyForDeploymentPostprocessing = 0;
		};
		1454EA351FBE869F00DA77E0 /* Resources */ = {
			isa = PBXResourcesBuildPhase;
			buildActionMask = 2147483647;
			files = (
			);
			runOnlyForDeploymentPostprocessing = 0;
		};
		1454EA401FBE869F00DA77E0 /* Resources */ = {
			isa = PBXResourcesBuildPhase;
			buildActionMask = 2147483647;
			files = (
			);
			runOnlyForDeploymentPostprocessing = 0;
		};
/* End PBXResourcesBuildPhase section */

/* Begin PBXSourcesBuildPhase section */
		1454EA1F1FBE869F00DA77E0 /* Sources */ = {
			isa = PBXSourcesBuildPhase;
			buildActionMask = 2147483647;
			files = (
				1454EA291FBE869F00DA77E0 /* Read.swift in Sources */,
				1418EDCB1FC125C0007283D1 /* Write.swift in Sources */,
				1454EA271FBE869F00DA77E0 /* AppDelegate.swift in Sources */,
				1418EDC11FBE8DA1007283D1 /* FuntionsListView.swift in Sources */,
				1418EDC91FBE96F5007283D1 /* Define.swift in Sources */,
				1418EDC31FBE8F28007283D1 /* Navigation.swift in Sources */,
			);
			runOnlyForDeploymentPostprocessing = 0;
		};
		1454EA331FBE869F00DA77E0 /* Sources */ = {
			isa = PBXSourcesBuildPhase;
			buildActionMask = 2147483647;
			files = (
				1454EA3C1FBE869F00DA77E0 /* CUONA_sampleTests.swift in Sources */,
			);
			runOnlyForDeploymentPostprocessing = 0;
		};
		1454EA3E1FBE869F00DA77E0 /* Sources */ = {
			isa = PBXSourcesBuildPhase;
			buildActionMask = 2147483647;
			files = (
				1454EA471FBE869F00DA77E0 /* CUONA_sampleUITests.swift in Sources */,
			);
			runOnlyForDeploymentPostprocessing = 0;
		};
/* End PBXSourcesBuildPhase section */

/* Begin PBXTargetDependency section */
		1454EA391FBE869F00DA77E0 /* PBXTargetDependency */ = {
			isa = PBXTargetDependency;
			target = 1454EA221FBE869F00DA77E0 /* CUONA-sample */;
			targetProxy = 1454EA381FBE869F00DA77E0 /* PBXContainerItemProxy */;
		};
		1454EA441FBE869F00DA77E0 /* PBXTargetDependency */ = {
			isa = PBXTargetDependency;
			target = 1454EA221FBE869F00DA77E0 /* CUONA-sample */;
			targetProxy = 1454EA431FBE869F00DA77E0 /* PBXContainerItemProxy */;
		};
/* End PBXTargetDependency section */

/* Begin PBXVariantGroup section */
		1454EA2A1FBE869F00DA77E0 /* Main.storyboard */ = {
			isa = PBXVariantGroup;
			children = (
				1454EA2B1FBE869F00DA77E0 /* Base */,
			);
			name = Main.storyboard;
			sourceTree = "<group>";
		};
		1454EA2F1FBE869F00DA77E0 /* LaunchScreen.storyboard */ = {
			isa = PBXVariantGroup;
			children = (
				1454EA301FBE869F00DA77E0 /* Base */,
			);
			name = LaunchScreen.storyboard;
			sourceTree = "<group>";
		};
/* End PBXVariantGroup section */

/* Begin XCBuildConfiguration section */
		1454EA491FBE869F00DA77E0 /* Debug */ = {
			isa = XCBuildConfiguration;
			buildSettings = {
				ALWAYS_SEARCH_USER_PATHS = NO;
				CLANG_ANALYZER_NONNULL = YES;
				CLANG_ANALYZER_NUMBER_OBJECT_CONVERSION = YES_AGGRESSIVE;
				CLANG_CXX_LANGUAGE_STANDARD = "gnu++14";
				CLANG_CXX_LIBRARY = "libc++";
				CLANG_ENABLE_MODULES = YES;
				CLANG_ENABLE_OBJC_ARC = YES;
				CLANG_WARN_BLOCK_CAPTURE_AUTORELEASING = YES;
				CLANG_WARN_BOOL_CONVERSION = YES;
				CLANG_WARN_COMMA = YES;
				CLANG_WARN_CONSTANT_CONVERSION = YES;
				CLANG_WARN_DIRECT_OBJC_ISA_USAGE = YES_ERROR;
				CLANG_WARN_DOCUMENTATION_COMMENTS = YES;
				CLANG_WARN_EMPTY_BODY = YES;
				CLANG_WARN_ENUM_CONVERSION = YES;
				CLANG_WARN_INFINITE_RECURSION = YES;
				CLANG_WARN_INT_CONVERSION = YES;
				CLANG_WARN_NON_LITERAL_NULL_CONVERSION = YES;
				CLANG_WARN_OBJC_LITERAL_CONVERSION = YES;
				CLANG_WARN_OBJC_ROOT_CLASS = YES_ERROR;
				CLANG_WARN_RANGE_LOOP_ANALYSIS = YES;
				CLANG_WARN_STRICT_PROTOTYPES = YES;
				CLANG_WARN_SUSPICIOUS_MOVE = YES;
				CLANG_WARN_UNGUARDED_AVAILABILITY = YES_AGGRESSIVE;
				CLANG_WARN_UNREACHABLE_CODE = YES;
				CLANG_WARN__DUPLICATE_METHOD_MATCH = YES;
				CODE_SIGN_IDENTITY = "iPhone Developer";
				COPY_PHASE_STRIP = NO;
				DEBUG_INFORMATION_FORMAT = dwarf;
				ENABLE_STRICT_OBJC_MSGSEND = YES;
				ENABLE_TESTABILITY = YES;
				GCC_C_LANGUAGE_STANDARD = gnu11;
				GCC_DYNAMIC_NO_PIC = NO;
				GCC_NO_COMMON_BLOCKS = YES;
				GCC_OPTIMIZATION_LEVEL = 0;
				GCC_PREPROCESSOR_DEFINITIONS = (
					"DEBUG=1",
					"$(inherited)",
				);
				GCC_WARN_64_TO_32_BIT_CONVERSION = YES;
				GCC_WARN_ABOUT_RETURN_TYPE = YES_ERROR;
				GCC_WARN_UNDECLARED_SELECTOR = YES;
				GCC_WARN_UNINITIALIZED_AUTOS = YES_AGGRESSIVE;
				GCC_WARN_UNUSED_FUNCTION = YES;
				GCC_WARN_UNUSED_VARIABLE = YES;
				IPHONEOS_DEPLOYMENT_TARGET = 11.1;
				MTL_ENABLE_DEBUG_INFO = YES;
				ONLY_ACTIVE_ARCH = YES;
				SDKROOT = iphoneos;
				SWIFT_ACTIVE_COMPILATION_CONDITIONS = DEBUG;
				SWIFT_OPTIMIZATION_LEVEL = "-Onone";
			};
			name = Debug;
		};
		1454EA4A1FBE869F00DA77E0 /* Release */ = {
			isa = XCBuildConfiguration;
			buildSettings = {
				ALWAYS_SEARCH_USER_PATHS = NO;
				CLANG_ANALYZER_NONNULL = YES;
				CLANG_ANALYZER_NUMBER_OBJECT_CONVERSION = YES_AGGRESSIVE;
				CLANG_CXX_LANGUAGE_STANDARD = "gnu++14";
				CLANG_CXX_LIBRARY = "libc++";
				CLANG_ENABLE_MODULES = YES;
				CLANG_ENABLE_OBJC_ARC = YES;
				CLANG_WARN_BLOCK_CAPTURE_AUTORELEASING = YES;
				CLANG_WARN_BOOL_CONVERSION = YES;
				CLANG_WARN_COMMA = YES;
				CLANG_WARN_CONSTANT_CONVERSION = YES;
				CLANG_WARN_DIRECT_OBJC_ISA_USAGE = YES_ERROR;
				CLANG_WARN_DOCUMENTATION_COMMENTS = YES;
				CLANG_WARN_EMPTY_BODY = YES;
				CLANG_WARN_ENUM_CONVERSION = YES;
				CLANG_WARN_INFINITE_RECURSION = YES;
				CLANG_WARN_INT_CONVERSION = YES;
				CLANG_WARN_NON_LITERAL_NULL_CONVERSION = YES;
				CLANG_WARN_OBJC_LITERAL_CONVERSION = YES;
				CLANG_WARN_OBJC_ROOT_CLASS = YES_ERROR;
				CLANG_WARN_RANGE_LOOP_ANALYSIS = YES;
				CLANG_WARN_STRICT_PROTOTYPES = YES;
				CLANG_WARN_SUSPICIOUS_MOVE = YES;
				CLANG_WARN_UNGUARDED_AVAILABILITY = YES_AGGRESSIVE;
				CLANG_WARN_UNREACHABLE_CODE = YES;
				CLANG_WARN__DUPLICATE_METHOD_MATCH = YES;
				CODE_SIGN_IDENTITY = "iPhone Developer";
				COPY_PHASE_STRIP = NO;
				DEBUG_INFORMATION_FORMAT = "dwarf-with-dsym";
				ENABLE_NS_ASSERTIONS = NO;
				ENABLE_STRICT_OBJC_MSGSEND = YES;
				GCC_C_LANGUAGE_STANDARD = gnu11;
				GCC_NO_COMMON_BLOCKS = YES;
				GCC_WARN_64_TO_32_BIT_CONVERSION = YES;
				GCC_WARN_ABOUT_RETURN_TYPE = YES_ERROR;
				GCC_WARN_UNDECLARED_SELECTOR = YES;
				GCC_WARN_UNINITIALIZED_AUTOS = YES_AGGRESSIVE;
				GCC_WARN_UNUSED_FUNCTION = YES;
				GCC_WARN_UNUSED_VARIABLE = YES;
				IPHONEOS_DEPLOYMENT_TARGET = 11.1;
				MTL_ENABLE_DEBUG_INFO = NO;
				SDKROOT = iphoneos;
				SWIFT_OPTIMIZATION_LEVEL = "-Owholemodule";
				VALIDATE_PRODUCT = YES;
			};
			name = Release;
		};
		1454EA4C1FBE869F00DA77E0 /* Debug */ = {
			isa = XCBuildConfiguration;
			buildSettings = {
				ASSETCATALOG_COMPILER_APPICON_NAME = AppIcon;
				CODE_SIGN_STYLE = Automatic;
				DEVELOPMENT_TEAM = 68WVY52GZ2;
				FRAMEWORK_SEARCH_PATHS = (
					"$(inherited)",
					"$(PROJECT_DIR)/CUONA-sample",
				);
				INFOPLIST_FILE = "CUONA-sample/Info.plist";
				IPHONEOS_DEPLOYMENT_TARGET = 11.0;
				LD_RUNPATH_SEARCH_PATHS = "$(inherited) @executable_path/Frameworks";
				PRODUCT_BUNDLE_IDENTIFIER = "jp.conol.apps.CUONA-sample";
				PRODUCT_NAME = "$(TARGET_NAME)";
				SWIFT_VERSION = 4.0;
				TARGETED_DEVICE_FAMILY = "1,2";
			};
			name = Debug;
		};
		1454EA4D1FBE869F00DA77E0 /* Release */ = {
			isa = XCBuildConfiguration;
			buildSettings = {
				ASSETCATALOG_COMPILER_APPICON_NAME = AppIcon;
				CODE_SIGN_STYLE = Automatic;
				DEVELOPMENT_TEAM = 68WVY52GZ2;
				FRAMEWORK_SEARCH_PATHS = (
					"$(inherited)",
					"$(PROJECT_DIR)/CUONA-sample",
				);
				INFOPLIST_FILE = "CUONA-sample/Info.plist";
				IPHONEOS_DEPLOYMENT_TARGET = 11.0;
				LD_RUNPATH_SEARCH_PATHS = "$(inherited) @executable_path/Frameworks";
				PRODUCT_BUNDLE_IDENTIFIER = "jp.conol.apps.CUONA-sample";
				PRODUCT_NAME = "$(TARGET_NAME)";
				SWIFT_VERSION = 4.0;
				TARGETED_DEVICE_FAMILY = "1,2";
			};
			name = Release;
		};
		1454EA4F1FBE869F00DA77E0 /* Debug */ = {
			isa = XCBuildConfiguration;
			buildSettings = {
				ALWAYS_EMBED_SWIFT_STANDARD_LIBRARIES = YES;
				BUNDLE_LOADER = "$(TEST_HOST)";
				CODE_SIGN_STYLE = Automatic;
				DEVELOPMENT_TEAM = 68WVY52GZ2;
				INFOPLIST_FILE = "CUONA-sampleTests/Info.plist";
				LD_RUNPATH_SEARCH_PATHS = "$(inherited) @executable_path/Frameworks @loader_path/Frameworks";
				PRODUCT_BUNDLE_IDENTIFIER = "jp.conol.apps.CUONA-sampleTests";
				PRODUCT_NAME = "$(TARGET_NAME)";
				SWIFT_VERSION = 4.0;
				TARGETED_DEVICE_FAMILY = "1,2";
				TEST_HOST = "$(BUILT_PRODUCTS_DIR)/CUONA-sample.app/CUONA-sample";
			};
			name = Debug;
		};
		1454EA501FBE869F00DA77E0 /* Release */ = {
			isa = XCBuildConfiguration;
			buildSettings = {
				ALWAYS_EMBED_SWIFT_STANDARD_LIBRARIES = YES;
				BUNDLE_LOADER = "$(TEST_HOST)";
				CODE_SIGN_STYLE = Automatic;
				DEVELOPMENT_TEAM = 68WVY52GZ2;
				INFOPLIST_FILE = "CUONA-sampleTests/Info.plist";
				LD_RUNPATH_SEARCH_PATHS = "$(inherited) @executable_path/Frameworks @loader_path/Frameworks";
				PRODUCT_BUNDLE_IDENTIFIER = "jp.conol.apps.CUONA-sampleTests";
				PRODUCT_NAME = "$(TARGET_NAME)";
				SWIFT_VERSION = 4.0;
				TARGETED_DEVICE_FAMILY = "1,2";
				TEST_HOST = "$(BUILT_PRODUCTS_DIR)/CUONA-sample.app/CUONA-sample";
			};
			name = Release;
		};
		1454EA521FBE869F00DA77E0 /* Debug */ = {
			isa = XCBuildConfiguration;
			buildSettings = {
				ALWAYS_EMBED_SWIFT_STANDARD_LIBRARIES = YES;
				CODE_SIGN_STYLE = Automatic;
				DEVELOPMENT_TEAM = 68WVY52GZ2;
				INFOPLIST_FILE = "CUONA-sampleUITests/Info.plist";
				LD_RUNPATH_SEARCH_PATHS = "$(inherited) @executable_path/Frameworks @loader_path/Frameworks";
				PRODUCT_BUNDLE_IDENTIFIER = "jp.conol.apps.CUONA-sampleUITests";
				PRODUCT_NAME = "$(TARGET_NAME)";
				SWIFT_VERSION = 4.0;
				TARGETED_DEVICE_FAMILY = "1,2";
				TEST_TARGET_NAME = "CUONA-sample";
			};
			name = Debug;
		};
		1454EA531FBE869F00DA77E0 /* Release */ = {
			isa = XCBuildConfiguration;
			buildSettings = {
				ALWAYS_EMBED_SWIFT_STANDARD_LIBRARIES = YES;
				CODE_SIGN_STYLE = Automatic;
				DEVELOPMENT_TEAM = 68WVY52GZ2;
				INFOPLIST_FILE = "CUONA-sampleUITests/Info.plist";
				LD_RUNPATH_SEARCH_PATHS = "$(inherited) @executable_path/Frameworks @loader_path/Frameworks";
				PRODUCT_BUNDLE_IDENTIFIER = "jp.conol.apps.CUONA-sampleUITests";
				PRODUCT_NAME = "$(TARGET_NAME)";
				SWIFT_VERSION = 4.0;
				TARGETED_DEVICE_FAMILY = "1,2";
				TEST_TARGET_NAME = "CUONA-sample";
			};
			name = Release;
		};
/* End XCBuildConfiguration section */

/* Begin XCConfigurationList section */
		1454EA1E1FBE869F00DA77E0 /* Build configuration list for PBXProject "CUONA-sample" */ = {
			isa = XCConfigurationList;
			buildConfigurations = (
				1454EA491FBE869F00DA77E0 /* Debug */,
				1454EA4A1FBE869F00DA77E0 /* Release */,
			);
			defaultConfigurationIsVisible = 0;
			defaultConfigurationName = Release;
		};
		1454EA4B1FBE869F00DA77E0 /* Build configuration list for PBXNativeTarget "CUONA-sample" */ = {
			isa = XCConfigurationList;
			buildConfigurations = (
				1454EA4C1FBE869F00DA77E0 /* Debug */,
				1454EA4D1FBE869F00DA77E0 /* Release */,
			);
			defaultConfigurationIsVisible = 0;
			defaultConfigurationName = Release;
		};
		1454EA4E1FBE869F00DA77E0 /* Build configuration list for PBXNativeTarget "CUONA-sampleTests" */ = {
			isa = XCConfigurationList;
			buildConfigurations = (
				1454EA4F1FBE869F00DA77E0 /* Debug */,
				1454EA501FBE869F00DA77E0 /* Release */,
			);
			defaultConfigurationIsVisible = 0;
			defaultConfigurationName = Release;
		};
		1454EA511FBE869F00DA77E0 /* Build configuration list for PBXNativeTarget "CUONA-sampleUITests" */ = {
			isa = XCConfigurationList;
			buildConfigurations = (
				1454EA521FBE869F00DA77E0 /* Debug */,
				1454EA531FBE869F00DA77E0 /* Release */,
			);
			defaultConfigurationIsVisible = 0;
			defaultConfigurationName = Release;
		};
/* End XCConfigurationList section */
	};
	rootObject = 1454EA1B1FBE869F00DA77E0 /* Project object */;
}
